
Microsoft Visual Studio Solution File, Format Version 12.00
# Visual Studio Version 16
VisualStudioVersion = 16.0.29001.49
MinimumVisualStudioVersion = 10.0.40219.1
Project("{FAE04EC0-301F-11D3-BF4B-00C04F79EFBC}") = "FinalExamPracticeTestPROJ", "FinalExamPracticeTestPROJ.csproj", "{2214943E-67F0-48F9-B583-AC1E501FCD2E}"
EndProject
Global
	GlobalSection(SolutionConfigurationPlatforms) = preSolution
		Debug|Any CPU = Debug|Any CPU
		Release|Any CPU = Release|Any CPU
	EndGlobalSection
	GlobalSection(ProjectConfigurationPlatforms) = postSolution
		{2214943E-67F0-48F9-B583-AC1E501FCD2E}.Debug|Any CPU.ActiveCfg = Debug|Any CPU
		{2214943E-67F0-48F9-B583-AC1E501FCD2E}.Debug|Any CPU.Build.0 = Debug|Any CPU
		{2214943E-67F0-48F9-B583-AC1E501FCD2E}.Release|Any CPU.ActiveCfg = Release|Any CPU
		{2214943E-67F0-48F9-B583-AC1E501FCD2E}.Release|Any CPU.Build.0 = Release|Any CPU
	EndGlobalSection
	GlobalSection(SolutionProperties) = preSolution
		HideSolutionNode = FALSE
	EndGlobalSection
	GlobalSection(ExtensibilityGlobals) = postSolution
		SolutionGuid = {A9AC7DC5-9CAA-4B70-8B6C-0AE189864A30}
	EndGlobalSection
EndGlobal
